// !$*UTF8*$!
{
	archiveVersion = 1;
	classes = {
	};
	objectVersion = 56;
	objects = {

/* Begin PBXBuildFile section */
		30173A842C2309B0005C388F /* AddButtonView.swift in Sources */ = {isa = PBXBuildFile; fileRef = 30173A832C2309B0005C388F /* AddButtonView.swift */; };
		30173A862C235401005C388F /* playerListView.swift in Sources */ = {isa = PBXBuildFile; fileRef = 30173A852C235401005C388F /* playerListView.swift */; };
		30173A882C235C67005C388F /* PlayerInfoView.swift in Sources */ = {isa = PBXBuildFile; fileRef = 30173A872C235C67005C388F /* PlayerInfoView.swift */; };
		30173A8A2C2438B5005C388F /* TrainingsViewModel.swift in Sources */ = {isa = PBXBuildFile; fileRef = 30173A892C2438B5005C388F /* TrainingsViewModel.swift */; };
		30173A8D2C2460C6005C388F /* StageCellView.swift in Sources */ = {isa = PBXBuildFile; fileRef = 30173A8C2C2460C6005C388F /* StageCellView.swift */; };
		30173A8F2C246365005C388F /* TrainingCellView.swift in Sources */ = {isa = PBXBuildFile; fileRef = 30173A8E2C246365005C388F /* TrainingCellView.swift */; };
		30173A912C24640A005C388F /* DateTrainingView.swift in Sources */ = {isa = PBXBuildFile; fileRef = 30173A902C24640A005C388F /* DateTrainingView.swift */; };
		30173A932C246715005C388F /* NewTrainingView.swift in Sources */ = {isa = PBXBuildFile; fileRef = 30173A922C246715005C388F /* NewTrainingView.swift */; };
		30173A952C24B875005C388F /* TextFieldGroupView.swift in Sources */ = {isa = PBXBuildFile; fileRef = 30173A942C24B875005C388F /* TextFieldGroupView.swift */; };
		305E814D2C221C9C00B7FE37 /* AppDelegate.swift in Sources */ = {isa = PBXBuildFile; fileRef = 305E814C2C221C9C00B7FE37 /* AppDelegate.swift */; };
		305E814F2C221C9C00B7FE37 /* SceneDelegate.swift in Sources */ = {isa = PBXBuildFile; fileRef = 305E814E2C221C9C00B7FE37 /* SceneDelegate.swift */; };
		305E81512C221C9C00B7FE37 /* ViewController.swift in Sources */ = {isa = PBXBuildFile; fileRef = 305E81502C221C9C00B7FE37 /* ViewController.swift */; };
		305E81542C221C9C00B7FE37 /* Base in Resources */ = {isa = PBXBuildFile; fileRef = 305E81532C221C9C00B7FE37 /* Base */; };
		305E81562C221C9E00B7FE37 /* Assets.xcassets in Resources */ = {isa = PBXBuildFile; fileRef = 305E81552C221C9E00B7FE37 /* Assets.xcassets */; };
		305E81592C221C9E00B7FE37 /* Base in Resources */ = {isa = PBXBuildFile; fileRef = 305E81582C221C9E00B7FE37 /* Base */; };
		305E81622C221D1200B7FE37 /* FootballTrainingsView.swift in Sources */ = {isa = PBXBuildFile; fileRef = 305E81612C221D1200B7FE37 /* FootballTrainingsView.swift */; };
		305E81642C221DCF00B7FE37 /* LoadingView.swift in Sources */ = {isa = PBXBuildFile; fileRef = 305E81632C221DCF00B7FE37 /* LoadingView.swift */; };
		305E81672C221EDC00B7FE37 /* ProgressCircleView.swift in Sources */ = {isa = PBXBuildFile; fileRef = 305E81662C221EDC00B7FE37 /* ProgressCircleView.swift */; };
		305E816B2C22AE9600B7FE37 /* FavoritePlayersView.swift in Sources */ = {isa = PBXBuildFile; fileRef = 305E816A2C22AE9600B7FE37 /* FavoritePlayersView.swift */; };
		305E816F2C22B28400B7FE37 /* ProSoccer.xcdatamodeld in Sources */ = {isa = PBXBuildFile; fileRef = 305E816D2C22B28400B7FE37 /* ProSoccer.xcdatamodeld */; };
		305E81712C22B2EE00B7FE37 /* CoreDataManager.swift in Sources */ = {isa = PBXBuildFile; fileRef = 305E81702C22B2EE00B7FE37 /* CoreDataManager.swift */; };
		305E81732C22B3EF00B7FE37 /* UIImageTransformer.swift in Sources */ = {isa = PBXBuildFile; fileRef = 305E81722C22B3EF00B7FE37 /* UIImageTransformer.swift */; };
		305E81752C22B4B700B7FE37 /* Players.swift in Sources */ = {isa = PBXBuildFile; fileRef = 305E81742C22B4B700B7FE37 /* Players.swift */; };
		305E81782C22B61500B7FE37 /* PlayerViewModel.swift in Sources */ = {isa = PBXBuildFile; fileRef = 305E81772C22B61500B7FE37 /* PlayerViewModel.swift */; };
		305E817A2C22BD1000B7FE37 /* PlayerCellView.swift in Sources */ = {isa = PBXBuildFile; fileRef = 305E81792C22BD1000B7FE37 /* PlayerCellView.swift */; };
		305E817C2C22FFB500B7FE37 /* CircleButtonView.swift in Sources */ = {isa = PBXBuildFile; fileRef = 305E817B2C22FFB500B7FE37 /* CircleButtonView.swift */; };
		305E817E2C23020D00B7FE37 /* NewPlayerView.swift in Sources */ = {isa = PBXBuildFile; fileRef = 305E817D2C23020D00B7FE37 /* NewPlayerView.swift */; };
		305E81802C2304FA00B7FE37 /* NoPhotoView.swift in Sources */ = {isa = PBXBuildFile; fileRef = 305E817F2C2304FA00B7FE37 /* NoPhotoView.swift */; };
		305E81822C2304FF00B7FE37 /* PhotoPicker.swift in Sources */ = {isa = PBXBuildFile; fileRef = 305E81812C2304FF00B7FE37 /* PhotoPicker.swift */; };
		305E81842C23060100B7FE37 /* CustomTextFieldView.swift in Sources */ = {isa = PBXBuildFile; fileRef = 305E81832C23060000B7FE37 /* CustomTextFieldView.swift */; };
		3096ED5C2C273E9400EEEF75 /* TitleTextField.swift in Sources */ = {isa = PBXBuildFile; fileRef = 3096ED5B2C273E9400EEEF75 /* TitleTextField.swift */; };
		3096ED5E2C2751C900EEEF75 /* StageView.swift in Sources */ = {isa = PBXBuildFile; fileRef = 3096ED5D2C2751C900EEEF75 /* StageView.swift */; };
		3096ED602C276EC500EEEF75 /* Stage2CellView.swift in Sources */ = {isa = PBXBuildFile; fileRef = 3096ED5F2C276EC500EEEF75 /* Stage2CellView.swift */; };
		3096ED622C276F3600EEEF75 /* Stage3CellView.swift in Sources */ = {isa = PBXBuildFile; fileRef = 3096ED612C276F3600EEEF75 /* Stage3CellView.swift */; };
		309AD9FF2C2B05A40078C621 /* SettingsView.swift in Sources */ = {isa = PBXBuildFile; fileRef = 309AD9FE2C2B05A40078C621 /* SettingsView.swift */; };
		309ADA012C2B06530078C621 /* SettingButtonsView.swift in Sources */ = {isa = PBXBuildFile; fileRef = 309ADA002C2B06530078C621 /* SettingButtonsView.swift */; };
		309ADA052C2B09C80078C621 /* webView.swift in Sources */ = {isa = PBXBuildFile; fileRef = 309ADA022C2B09C80078C621 /* webView.swift */; };
		309ADA062C2B09C80078C621 /* WebViewPage.swift in Sources */ = {isa = PBXBuildFile; fileRef = 309ADA032C2B09C80078C621 /* WebViewPage.swift */; };
/* End PBXBuildFile section */

/* Begin PBXFileReference section */
		30173A832C2309B0005C388F /* AddButtonView.swift */ = {isa = PBXFileReference; lastKnownFileType = sourcecode.swift; path = AddButtonView.swift; sourceTree = "<group>"; };
		30173A852C235401005C388F /* playerListView.swift */ = {isa = PBXFileReference; fileEncoding = 4; lastKnownFileType = sourcecode.swift; path = playerListView.swift; sourceTree = "<group>"; };
		30173A872C235C67005C388F /* PlayerInfoView.swift */ = {isa = PBXFileReference; lastKnownFileType = sourcecode.swift; path = PlayerInfoView.swift; sourceTree = "<group>"; };
		30173A892C2438B5005C388F /* TrainingsViewModel.swift */ = {isa = PBXFileReference; lastKnownFileType = sourcecode.swift; path = TrainingsViewModel.swift; sourceTree = "<group>"; };
		30173A8C2C2460C6005C388F /* StageCellView.swift */ = {isa = PBXFileReference; lastKnownFileType = sourcecode.swift; path = StageCellView.swift; sourceTree = "<group>"; };
		30173A8E2C246365005C388F /* TrainingCellView.swift */ = {isa = PBXFileReference; lastKnownFileType = sourcecode.swift; path = TrainingCellView.swift; sourceTree = "<group>"; };
		30173A902C24640A005C388F /* DateTrainingView.swift */ = {isa = PBXFileReference; lastKnownFileType = sourcecode.swift; path = DateTrainingView.swift; sourceTree = "<group>"; };
		30173A922C246715005C388F /* NewTrainingView.swift */ = {isa = PBXFileReference; lastKnownFileType = sourcecode.swift; path = NewTrainingView.swift; sourceTree = "<group>"; };
		30173A942C24B875005C388F /* TextFieldGroupView.swift */ = {isa = PBXFileReference; lastKnownFileType = sourcecode.swift; path = TextFieldGroupView.swift; sourceTree = "<group>"; };
		305E81492C221C9C00B7FE37 /* ProSoccerDiary.app */ = {isa = PBXFileReference; explicitFileType = wrapper.application; includeInIndex = 0; path = ProSoccerDiary.app; sourceTree = BUILT_PRODUCTS_DIR; };
		305E814C2C221C9C00B7FE37 /* AppDelegate.swift */ = {isa = PBXFileReference; lastKnownFileType = sourcecode.swift; path = AppDelegate.swift; sourceTree = "<group>"; };
		305E814E2C221C9C00B7FE37 /* SceneDelegate.swift */ = {isa = PBXFileReference; lastKnownFileType = sourcecode.swift; path = SceneDelegate.swift; sourceTree = "<group>"; };
		305E81502C221C9C00B7FE37 /* ViewController.swift */ = {isa = PBXFileReference; lastKnownFileType = sourcecode.swift; path = ViewController.swift; sourceTree = "<group>"; };
		305E81532C221C9C00B7FE37 /* Base */ = {isa = PBXFileReference; lastKnownFileType = file.storyboard; name = Base; path = Base.lproj/Main.storyboard; sourceTree = "<group>"; };
		305E81552C221C9E00B7FE37 /* Assets.xcassets */ = {isa = PBXFileReference; lastKnownFileType = folder.assetcatalog; path = Assets.xcassets; sourceTree = "<group>"; };
		305E81582C221C9E00B7FE37 /* Base */ = {isa = PBXFileReference; lastKnownFileType = file.storyboard; name = Base; path = Base.lproj/LaunchScreen.storyboard; sourceTree = "<group>"; };
		305E815A2C221C9E00B7FE37 /* Info.plist */ = {isa = PBXFileReference; lastKnownFileType = text.plist.xml; path = Info.plist; sourceTree = "<group>"; };
		305E81612C221D1200B7FE37 /* FootballTrainingsView.swift */ = {isa = PBXFileReference; lastKnownFileType = sourcecode.swift; path = FootballTrainingsView.swift; sourceTree = "<group>"; };
		305E81632C221DCF00B7FE37 /* LoadingView.swift */ = {isa = PBXFileReference; lastKnownFileType = sourcecode.swift; path = LoadingView.swift; sourceTree = "<group>"; };
		305E81662C221EDC00B7FE37 /* ProgressCircleView.swift */ = {isa = PBXFileReference; fileEncoding = 4; lastKnownFileType = sourcecode.swift; path = ProgressCircleView.swift; sourceTree = "<group>"; };
		305E816A2C22AE9600B7FE37 /* FavoritePlayersView.swift */ = {isa = PBXFileReference; lastKnownFileType = sourcecode.swift; path = FavoritePlayersView.swift; sourceTree = "<group>"; };
		305E816E2C22B28400B7FE37 /* ProSoccer.xcdatamodel */ = {isa = PBXFileReference; lastKnownFileType = wrapper.xcdatamodel; path = ProSoccer.xcdatamodel; sourceTree = "<group>"; };
		305E81702C22B2EE00B7FE37 /* CoreDataManager.swift */ = {isa = PBXFileReference; lastKnownFileType = sourcecode.swift; path = CoreDataManager.swift; sourceTree = "<group>"; };
		305E81722C22B3EF00B7FE37 /* UIImageTransformer.swift */ = {isa = PBXFileReference; fileEncoding = 4; lastKnownFileType = sourcecode.swift; path = UIImageTransformer.swift; sourceTree = "<group>"; };
		305E81742C22B4B700B7FE37 /* Players.swift */ = {isa = PBXFileReference; lastKnownFileType = sourcecode.swift; path = Players.swift; sourceTree = "<group>"; };
		305E81772C22B61500B7FE37 /* PlayerViewModel.swift */ = {isa = PBXFileReference; lastKnownFileType = sourcecode.swift; path = PlayerViewModel.swift; sourceTree = "<group>"; };
		305E81792C22BD1000B7FE37 /* PlayerCellView.swift */ = {isa = PBXFileReference; lastKnownFileType = sourcecode.swift; path = PlayerCellView.swift; sourceTree = "<group>"; };
		305E817B2C22FFB500B7FE37 /* CircleButtonView.swift */ = {isa = PBXFileReference; lastKnownFileType = sourcecode.swift; path = CircleButtonView.swift; sourceTree = "<group>"; };
		305E817D2C23020D00B7FE37 /* NewPlayerView.swift */ = {isa = PBXFileReference; lastKnownFileType = sourcecode.swift; path = NewPlayerView.swift; sourceTree = "<group>"; };
		305E817F2C2304FA00B7FE37 /* NoPhotoView.swift */ = {isa = PBXFileReference; fileEncoding = 4; lastKnownFileType = sourcecode.swift; path = NoPhotoView.swift; sourceTree = "<group>"; };
		305E81812C2304FF00B7FE37 /* PhotoPicker.swift */ = {isa = PBXFileReference; fileEncoding = 4; lastKnownFileType = sourcecode.swift; path = PhotoPicker.swift; sourceTree = "<group>"; };
		305E81832C23060000B7FE37 /* CustomTextFieldView.swift */ = {isa = PBXFileReference; fileEncoding = 4; lastKnownFileType = sourcecode.swift; path = CustomTextFieldView.swift; sourceTree = "<group>"; };
		3096ED5B2C273E9400EEEF75 /* TitleTextField.swift */ = {isa = PBXFileReference; lastKnownFileType = sourcecode.swift; path = TitleTextField.swift; sourceTree = "<group>"; };
		3096ED5D2C2751C900EEEF75 /* StageView.swift */ = {isa = PBXFileReference; lastKnownFileType = sourcecode.swift; path = StageView.swift; sourceTree = "<group>"; };
		3096ED5F2C276EC500EEEF75 /* Stage2CellView.swift */ = {isa = PBXFileReference; lastKnownFileType = sourcecode.swift; path = Stage2CellView.swift; sourceTree = "<group>"; };
		3096ED612C276F3600EEEF75 /* Stage3CellView.swift */ = {isa = PBXFileReference; lastKnownFileType = sourcecode.swift; path = Stage3CellView.swift; sourceTree = "<group>"; };
		309AD9FE2C2B05A40078C621 /* SettingsView.swift */ = {isa = PBXFileReference; lastKnownFileType = sourcecode.swift; path = SettingsView.swift; sourceTree = "<group>"; };
		309ADA002C2B06530078C621 /* SettingButtonsView.swift */ = {isa = PBXFileReference; lastKnownFileType = sourcecode.swift; path = SettingButtonsView.swift; sourceTree = "<group>"; };
		309ADA022C2B09C80078C621 /* webView.swift */ = {isa = PBXFileReference; fileEncoding = 4; lastKnownFileType = sourcecode.swift; path = webView.swift; sourceTree = "<group>"; };
		309ADA032C2B09C80078C621 /* WebViewPage.swift */ = {isa = PBXFileReference; fileEncoding = 4; lastKnownFileType = sourcecode.swift; path = WebViewPage.swift; sourceTree = "<group>"; };
/* End PBXFileReference section */

/* Begin PBXFrameworksBuildPhase section */
		305E81462C221C9C00B7FE37 /* Frameworks */ = {
			isa = PBXFrameworksBuildPhase;
			buildActionMask = 2147483647;
			files = (
			);
			runOnlyForDeploymentPostprocessing = 0;
		};
/* End PBXFrameworksBuildPhase section */

/* Begin PBXGroup section */
		30173A8B2C246094005C388F /* Cell */ = {
			isa = PBXGroup;
			children = (
				30173A852C235401005C388F /* playerListView.swift */,
				305E81792C22BD1000B7FE37 /* PlayerCellView.swift */,
				30173A8C2C2460C6005C388F /* StageCellView.swift */,
				30173A8E2C246365005C388F /* TrainingCellView.swift */,
				30173A942C24B875005C388F /* TextFieldGroupView.swift */,
				3096ED5F2C276EC500EEEF75 /* Stage2CellView.swift */,
				3096ED612C276F3600EEEF75 /* Stage3CellView.swift */,
			);
			path = Cell;
			sourceTree = "<group>";
		};
		305E81402C221C9C00B7FE37 = {
			isa = PBXGroup;
			children = (
				305E814B2C221C9C00B7FE37 /* ProSoccerDiary */,
				305E814A2C221C9C00B7FE37 /* Products */,
			);
			sourceTree = "<group>";
		};
		305E814A2C221C9C00B7FE37 /* Products */ = {
			isa = PBXGroup;
			children = (
				305E81492C221C9C00B7FE37 /* ProSoccerDiary.app */,
			);
			name = Products;
			sourceTree = "<group>";
		};
		305E814B2C221C9C00B7FE37 /* ProSoccerDiary */ = {
			isa = PBXGroup;
			children = (
				309ADA042C2B09C80078C621 /* WebView */,
				30173A8B2C246094005C388F /* Cell */,
				305E81762C22B60100B7FE37 /* ViewModels */,
				305E816C2C22B24200B7FE37 /* CoreData */,
				305E81652C221E5000B7FE37 /* Helpers */,
				305E81602C221CED00B7FE37 /* View */,
				305E814C2C221C9C00B7FE37 /* AppDelegate.swift */,
				305E814E2C221C9C00B7FE37 /* SceneDelegate.swift */,
				305E81502C221C9C00B7FE37 /* ViewController.swift */,
				305E81522C221C9C00B7FE37 /* Main.storyboard */,
				305E81552C221C9E00B7FE37 /* Assets.xcassets */,
				305E81572C221C9E00B7FE37 /* LaunchScreen.storyboard */,
				305E815A2C221C9E00B7FE37 /* Info.plist */,
			);
			path = ProSoccerDiary;
			sourceTree = "<group>";
		};
		305E81602C221CED00B7FE37 /* View */ = {
			isa = PBXGroup;
			children = (
				305E81692C22AE6C00B7FE37 /* Trainings */,
				305E81682C22AE3E00B7FE37 /* Players */,
				305E81632C221DCF00B7FE37 /* LoadingView.swift */,
				309AD9FE2C2B05A40078C621 /* SettingsView.swift */,
			);
			path = View;
			sourceTree = "<group>";
		};
		305E81652C221E5000B7FE37 /* Helpers */ = {
			isa = PBXGroup;
			children = (
				305E81832C23060000B7FE37 /* CustomTextFieldView.swift */,
				305E81662C221EDC00B7FE37 /* ProgressCircleView.swift */,
				305E817B2C22FFB500B7FE37 /* CircleButtonView.swift */,
				305E817F2C2304FA00B7FE37 /* NoPhotoView.swift */,
				305E81812C2304FF00B7FE37 /* PhotoPicker.swift */,
				30173A832C2309B0005C388F /* AddButtonView.swift */,
				30173A902C24640A005C388F /* DateTrainingView.swift */,
				3096ED5B2C273E9400EEEF75 /* TitleTextField.swift */,
				309ADA002C2B06530078C621 /* SettingButtonsView.swift */,
			);
			path = Helpers;
			sourceTree = "<group>";
		};
		305E81682C22AE3E00B7FE37 /* Players */ = {
			isa = PBXGroup;
			children = (
				305E816A2C22AE9600B7FE37 /* FavoritePlayersView.swift */,
				305E817D2C23020D00B7FE37 /* NewPlayerView.swift */,
				30173A872C235C67005C388F /* PlayerInfoView.swift */,
			);
			path = Players;
			sourceTree = "<group>";
		};
		305E81692C22AE6C00B7FE37 /* Trainings */ = {
			isa = PBXGroup;
			children = (
				305E81612C221D1200B7FE37 /* FootballTrainingsView.swift */,
				30173A922C246715005C388F /* NewTrainingView.swift */,
				3096ED5D2C2751C900EEEF75 /* StageView.swift */,
			);
			path = Trainings;
			sourceTree = "<group>";
		};
		305E816C2C22B24200B7FE37 /* CoreData */ = {
			isa = PBXGroup;
			children = (
				305E816D2C22B28400B7FE37 /* ProSoccer.xcdatamodeld */,
				305E81702C22B2EE00B7FE37 /* CoreDataManager.swift */,
				305E81722C22B3EF00B7FE37 /* UIImageTransformer.swift */,
				305E81742C22B4B700B7FE37 /* Players.swift */,
			);
			path = CoreData;
			sourceTree = "<group>";
		};
		305E81762C22B60100B7FE37 /* ViewModels */ = {
			isa = PBXGroup;
			children = (
				305E81772C22B61500B7FE37 /* PlayerViewModel.swift */,
				30173A892C2438B5005C388F /* TrainingsViewModel.swift */,
			);
			path = ViewModels;
			sourceTree = "<group>";
		};
		309ADA042C2B09C80078C621 /* WebView */ = {
			isa = PBXGroup;
			children = (
				309ADA022C2B09C80078C621 /* webView.swift */,
				309ADA032C2B09C80078C621 /* WebViewPage.swift */,
			);
			path = WebView;
			sourceTree = "<group>";
		};
/* End PBXGroup section */

/* Begin PBXNativeTarget section */
		305E81482C221C9C00B7FE37 /* ProSoccerDiary */ = {
			isa = PBXNativeTarget;
			buildConfigurationList = 305E815D2C221C9E00B7FE37 /* Build configuration list for PBXNativeTarget "ProSoccerDiary" */;
			buildPhases = (
				305E81452C221C9C00B7FE37 /* Sources */,
				305E81462C221C9C00B7FE37 /* Frameworks */,
				305E81472C221C9C00B7FE37 /* Resources */,
			);
			buildRules = (
			);
			dependencies = (
			);
			name = ProSoccerDiary;
			productName = ProSoccerDiary;
			productReference = 305E81492C221C9C00B7FE37 /* ProSoccerDiary.app */;
			productType = "com.apple.product-type.application";
		};
/* End PBXNativeTarget section */

/* Begin PBXProject section */
		305E81412C221C9C00B7FE37 /* Project object */ = {
			isa = PBXProject;
			attributes = {
				BuildIndependentTargetsInParallel = 1;
				LastSwiftUpdateCheck = 1530;
				LastUpgradeCheck = 1530;
				TargetAttributes = {
					305E81482C221C9C00B7FE37 = {
						CreatedOnToolsVersion = 15.3;
					};
				};
			};
			buildConfigurationList = 305E81442C221C9C00B7FE37 /* Build configuration list for PBXProject "ProSoccerDiary" */;
			compatibilityVersion = "Xcode 14.0";
			developmentRegion = en;
			hasScannedForEncodings = 0;
			knownRegions = (
				en,
				Base,
			);
			mainGroup = 305E81402C221C9C00B7FE37;
			productRefGroup = 305E814A2C221C9C00B7FE37 /* Products */;
			projectDirPath = "";
			projectRoot = "";
			targets = (
				305E81482C221C9C00B7FE37 /* ProSoccerDiary */,
			);
		};
/* End PBXProject section */

/* Begin PBXResourcesBuildPhase section */
		305E81472C221C9C00B7FE37 /* Resources */ = {
			isa = PBXResourcesBuildPhase;
			buildActionMask = 2147483647;
			files = (
				305E81562C221C9E00B7FE37 /* Assets.xcassets in Resources */,
				305E81592C221C9E00B7FE37 /* Base in Resources */,
				305E81542C221C9C00B7FE37 /* Base in Resources */,
			);
			runOnlyForDeploymentPostprocessing = 0;
		};
/* End PBXResourcesBuildPhase section */

/* Begin PBXSourcesBuildPhase section */
		305E81452C221C9C00B7FE37 /* Sources */ = {
			isa = PBXSourcesBuildPhase;
			buildActionMask = 2147483647;
			files = (
				305E81512C221C9C00B7FE37 /* ViewController.swift in Sources */,
				305E81672C221EDC00B7FE37 /* ProgressCircleView.swift in Sources */,
				305E817E2C23020D00B7FE37 /* NewPlayerView.swift in Sources */,
				3096ED5E2C2751C900EEEF75 /* StageView.swift in Sources */,
				305E814D2C221C9C00B7FE37 /* AppDelegate.swift in Sources */,
				305E814F2C221C9C00B7FE37 /* SceneDelegate.swift in Sources */,
				309ADA012C2B06530078C621 /* SettingButtonsView.swift in Sources */,
				305E817A2C22BD1000B7FE37 /* PlayerCellView.swift in Sources */,
				305E816B2C22AE9600B7FE37 /* FavoritePlayersView.swift in Sources */,
				305E81642C221DCF00B7FE37 /* LoadingView.swift in Sources */,
				30173A8D2C2460C6005C388F /* StageCellView.swift in Sources */,
				305E81712C22B2EE00B7FE37 /* CoreDataManager.swift in Sources */,
				305E816F2C22B28400B7FE37 /* ProSoccer.xcdatamodeld in Sources */,
				305E81622C221D1200B7FE37 /* FootballTrainingsView.swift in Sources */,
				305E817C2C22FFB500B7FE37 /* CircleButtonView.swift in Sources */,
				3096ED622C276F3600EEEF75 /* Stage3CellView.swift in Sources */,
				30173A932C246715005C388F /* NewTrainingView.swift in Sources */,
				30173A842C2309B0005C388F /* AddButtonView.swift in Sources */,
				305E81822C2304FF00B7FE37 /* PhotoPicker.swift in Sources */,
				30173A952C24B875005C388F /* TextFieldGroupView.swift in Sources */,
				30173A8A2C2438B5005C388F /* TrainingsViewModel.swift in Sources */,
				309ADA052C2B09C80078C621 /* webView.swift in Sources */,
				3096ED5C2C273E9400EEEF75 /* TitleTextField.swift in Sources */,
				309ADA062C2B09C80078C621 /* WebViewPage.swift in Sources */,
				30173A8F2C246365005C388F /* TrainingCellView.swift in Sources */,
				305E81782C22B61500B7FE37 /* PlayerViewModel.swift in Sources */,
				305E81752C22B4B700B7FE37 /* Players.swift in Sources */,
				305E81802C2304FA00B7FE37 /* NoPhotoView.swift in Sources */,
				309AD9FF2C2B05A40078C621 /* SettingsView.swift in Sources */,
				305E81732C22B3EF00B7FE37 /* UIImageTransformer.swift in Sources */,
				30173A882C235C67005C388F /* PlayerInfoView.swift in Sources */,
				3096ED602C276EC500EEEF75 /* Stage2CellView.swift in Sources */,
				30173A912C24640A005C388F /* DateTrainingView.swift in Sources */,
				30173A862C235401005C388F /* playerListView.swift in Sources */,
				305E81842C23060100B7FE37 /* CustomTextFieldView.swift in Sources */,
			);
			runOnlyForDeploymentPostprocessing = 0;
		};
/* End PBXSourcesBuildPhase section */

/* Begin PBXVariantGroup section */
		305E81522C221C9C00B7FE37 /* Main.storyboard */ = {
			isa = PBXVariantGroup;
			children = (
				305E81532C221C9C00B7FE37 /* Base */,
			);
			name = Main.storyboard;
			sourceTree = "<group>";
		};
		305E81572C221C9E00B7FE37 /* LaunchScreen.storyboard */ = {
			isa = PBXVariantGroup;
			children = (
				305E81582C221C9E00B7FE37 /* Base */,
			);
			name = LaunchScreen.storyboard;
			sourceTree = "<group>";
		};
/* End PBXVariantGroup section */

/* Begin XCBuildConfiguration section */
		305E815B2C221C9E00B7FE37 /* Debug */ = {
			isa = XCBuildConfiguration;
			buildSettings = {
				ALWAYS_SEARCH_USER_PATHS = NO;
				ASSETCATALOG_COMPILER_GENERATE_SWIFT_ASSET_SYMBOL_EXTENSIONS = YES;
				CLANG_ANALYZER_NONNULL = YES;
				CLANG_ANALYZER_NUMBER_OBJECT_CONVERSION = YES_AGGRESSIVE;
				CLANG_CXX_LANGUAGE_STANDARD = "gnu++20";
				CLANG_ENABLE_MODULES = YES;
				CLANG_ENABLE_OBJC_ARC = YES;
				CLANG_ENABLE_OBJC_WEAK = YES;
				CLANG_WARN_BLOCK_CAPTURE_AUTORELEASING = YES;
				CLANG_WARN_BOOL_CONVERSION = YES;
				CLANG_WARN_COMMA = YES;
				CLANG_WARN_CONSTANT_CONVERSION = YES;
				CLANG_WARN_DEPRECATED_OBJC_IMPLEMENTATIONS = YES;
				CLANG_WARN_DIRECT_OBJC_ISA_USAGE = YES_ERROR;
				CLANG_WARN_DOCUMENTATION_COMMENTS = YES;
				CLANG_WARN_EMPTY_BODY = YES;
				CLANG_WARN_ENUM_CONVERSION = YES;
				CLANG_WARN_INFINITE_RECURSION = YES;
				CLANG_WARN_INT_CONVERSION = YES;
				CLANG_WARN_NON_LITERAL_NULL_CONVERSION = YES;
				CLANG_WARN_OBJC_IMPLICIT_RETAIN_SELF = YES;
				CLANG_WARN_OBJC_LITERAL_CONVERSION = YES;
				CLANG_WARN_OBJC_ROOT_CLASS = YES_ERROR;
				CLANG_WARN_QUOTED_INCLUDE_IN_FRAMEWORK_HEADER = YES;
				CLANG_WARN_RANGE_LOOP_ANALYSIS = YES;
				CLANG_WARN_STRICT_PROTOTYPES = YES;
				CLANG_WARN_SUSPICIOUS_MOVE = YES;
				CLANG_WARN_UNGUARDED_AVAILABILITY = YES_AGGRESSIVE;
				CLANG_WARN_UNREACHABLE_CODE = YES;
				CLANG_WARN__DUPLICATE_METHOD_MATCH = YES;
				COPY_PHASE_STRIP = NO;
				DEBUG_INFORMATION_FORMAT = dwarf;
				ENABLE_STRICT_OBJC_MSGSEND = YES;
				ENABLE_TESTABILITY = YES;
				ENABLE_USER_SCRIPT_SANDBOXING = YES;
				GCC_C_LANGUAGE_STANDARD = gnu17;
				GCC_DYNAMIC_NO_PIC = NO;
				GCC_NO_COMMON_BLOCKS = YES;
				GCC_OPTIMIZATION_LEVEL = 0;
				GCC_PREPROCESSOR_DEFINITIONS = (
					"DEBUG=1",
					"$(inherited)",
				);
				GCC_WARN_64_TO_32_BIT_CONVERSION = YES;
				GCC_WARN_ABOUT_RETURN_TYPE = YES_ERROR;
				GCC_WARN_UNDECLARED_SELECTOR = YES;
				GCC_WARN_UNINITIALIZED_AUTOS = YES_AGGRESSIVE;
				GCC_WARN_UNUSED_FUNCTION = YES;
				GCC_WARN_UNUSED_VARIABLE = YES;
				IPHONEOS_DEPLOYMENT_TARGET = 17.4;
				LOCALIZATION_PREFERS_STRING_CATALOGS = YES;
				MTL_ENABLE_DEBUG_INFO = INCLUDE_SOURCE;
				MTL_FAST_MATH = YES;
				ONLY_ACTIVE_ARCH = YES;
				SDKROOT = iphoneos;
				SWIFT_ACTIVE_COMPILATION_CONDITIONS = "DEBUG $(inherited)";
				SWIFT_OPTIMIZATION_LEVEL = "-Onone";
			};
			name = Debug;
		};
		305E815C2C221C9E00B7FE37 /* Release */ = {
			isa = XCBuildConfiguration;
			buildSettings = {
				ALWAYS_SEARCH_USER_PATHS = NO;
				ASSETCATALOG_COMPILER_GENERATE_SWIFT_ASSET_SYMBOL_EXTENSIONS = YES;
				CLANG_ANALYZER_NONNULL = YES;
				CLANG_ANALYZER_NUMBER_OBJECT_CONVERSION = YES_AGGRESSIVE;
				CLANG_CXX_LANGUAGE_STANDARD = "gnu++20";
				CLANG_ENABLE_MODULES = YES;
				CLANG_ENABLE_OBJC_ARC = YES;
				CLANG_ENABLE_OBJC_WEAK = YES;
				CLANG_WARN_BLOCK_CAPTURE_AUTORELEASING = YES;
				CLANG_WARN_BOOL_CONVERSION = YES;
				CLANG_WARN_COMMA = YES;
				CLANG_WARN_CONSTANT_CONVERSION = YES;
				CLANG_WARN_DEPRECATED_OBJC_IMPLEMENTATIONS = YES;
				CLANG_WARN_DIRECT_OBJC_ISA_USAGE = YES_ERROR;
				CLANG_WARN_DOCUMENTATION_COMMENTS = YES;
				CLANG_WARN_EMPTY_BODY = YES;
				CLANG_WARN_ENUM_CONVERSION = YES;
				CLANG_WARN_INFINITE_RECURSION = YES;
				CLANG_WARN_INT_CONVERSION = YES;
				CLANG_WARN_NON_LITERAL_NULL_CONVERSION = YES;
				CLANG_WARN_OBJC_IMPLICIT_RETAIN_SELF = YES;
				CLANG_WARN_OBJC_LITERAL_CONVERSION = YES;
				CLANG_WARN_OBJC_ROOT_CLASS = YES_ERROR;
				CLANG_WARN_QUOTED_INCLUDE_IN_FRAMEWORK_HEADER = YES;
				CLANG_WARN_RANGE_LOOP_ANALYSIS = YES;
				CLANG_WARN_STRICT_PROTOTYPES = YES;
				CLANG_WARN_SUSPICIOUS_MOVE = YES;
				CLANG_WARN_UNGUARDED_AVAILABILITY = YES_AGGRESSIVE;
				CLANG_WARN_UNREACHABLE_CODE = YES;
				CLANG_WARN__DUPLICATE_METHOD_MATCH = YES;
				COPY_PHASE_STRIP = NO;
				DEBUG_INFORMATION_FORMAT = "dwarf-with-dsym";
				ENABLE_NS_ASSERTIONS = NO;
				ENABLE_STRICT_OBJC_MSGSEND = YES;
				ENABLE_USER_SCRIPT_SANDBOXING = YES;
				GCC_C_LANGUAGE_STANDARD = gnu17;
				GCC_NO_COMMON_BLOCKS = YES;
				GCC_WARN_64_TO_32_BIT_CONVERSION = YES;
				GCC_WARN_ABOUT_RETURN_TYPE = YES_ERROR;
				GCC_WARN_UNDECLARED_SELECTOR = YES;
				GCC_WARN_UNINITIALIZED_AUTOS = YES_AGGRESSIVE;
				GCC_WARN_UNUSED_FUNCTION = YES;
				GCC_WARN_UNUSED_VARIABLE = YES;
				IPHONEOS_DEPLOYMENT_TARGET = 17.4;
				LOCALIZATION_PREFERS_STRING_CATALOGS = YES;
				MTL_ENABLE_DEBUG_INFO = NO;
				MTL_FAST_MATH = YES;
				SDKROOT = iphoneos;
				SWIFT_COMPILATION_MODE = wholemodule;
				VALIDATE_PRODUCT = YES;
			};
			name = Release;
		};
		305E815E2C221C9E00B7FE37 /* Debug */ = {
			isa = XCBuildConfiguration;
			buildSettings = {
				ASSETCATALOG_COMPILER_APPICON_NAME = AppIcon;
				ASSETCATALOG_COMPILER_GLOBAL_ACCENT_COLOR_NAME = AccentColor;
				CODE_SIGN_STYLE = Automatic;
				CURRENT_PROJECT_VERSION = 1;
				DEVELOPMENT_TEAM = AR6AN34RS9;
				GENERATE_INFOPLIST_FILE = YES;
				INFOPLIST_FILE = ProSoccerDiary/Info.plist;
				INFOPLIST_KEY_UIApplicationSupportsIndirectInputEvents = YES;
				INFOPLIST_KEY_UILaunchStoryboardName = LaunchScreen;
				INFOPLIST_KEY_UIMainStoryboardFile = Main;
				INFOPLIST_KEY_UISupportedInterfaceOrientations = UIInterfaceOrientationPortrait;
				INFOPLIST_KEY_UISupportedInterfaceOrientations_iPad = "UIInterfaceOrientationLandscapeLeft UIInterfaceOrientationLandscapeRight UIInterfaceOrientationPortrait UIInterfaceOrientationPortraitUpsideDown";
				IPHONEOS_DEPLOYMENT_TARGET = 15.0;
				LD_RUNPATH_SEARCH_PATHS = (
					"$(inherited)",
					"@executable_path/Frameworks",
				);
				MARKETING_VERSION = 1.0;
				PRODUCT_BUNDLE_IDENTIFIER = home.ProSoccerDiary;
				PRODUCT_NAME = "$(TARGET_NAME)";
				SUPPORTED_PLATFORMS = "iphoneos iphonesimulator";
				SUPPORTS_MACCATALYST = NO;
				SUPPORTS_MAC_DESIGNED_FOR_IPHONE_IPAD = NO;
				SUPPORTS_XR_DESIGNED_FOR_IPHONE_IPAD = NO;
				SWIFT_EMIT_LOC_STRINGS = YES;
				SWIFT_VERSION = 5.0;
				TARGETED_DEVICE_FAMILY = 1;
			};
			name = Debug;
		};
		305E815F2C221C9E00B7FE37 /* Release */ = {
			isa = XCBuildConfiguration;
			buildSettings = {
				ASSETCATALOG_COMPILER_APPICON_NAME = AppIcon;
				ASSETCATALOG_COMPILER_GLOBAL_ACCENT_COLOR_NAME = AccentColor;
				CODE_SIGN_STYLE = Automatic;
				CURRENT_PROJECT_VERSION = 1;
				DEVELOPMENT_TEAM = AR6AN34RS9;
				GENERATE_INFOPLIST_FILE = YES;
				INFOPLIST_FILE = ProSoccerDiary/Info.plist;
				INFOPLIST_KEY_UIApplicationSupportsIndirectInputEvents = YES;
				INFOPLIST_KEY_UILaunchStoryboardName = LaunchScreen;
				INFOPLIST_KEY_UIMainStoryboardFile = Main;
				INFOPLIST_KEY_UISupportedInterfaceOrientations = UIInterfaceOrientationPortrait;
				INFOPLIST_KEY_UISupportedInterfaceOrientations_iPad = "UIInterfaceOrientationLandscapeLeft UIInterfaceOrientationLandscapeRight UIInterfaceOrientationPortrait UIInterfaceOrientationPortraitUpsideDown";
				IPHONEOS_DEPLOYMENT_TARGET = 15.0;
				LD_RUNPATH_SEARCH_PATHS = (
					"$(inherited)",
					"@executable_path/Frameworks",
				);
				MARKETING_VERSION = 1.0;
				PRODUCT_BUNDLE_IDENTIFIER = home.ProSoccerDiary;
				PRODUCT_NAME = "$(TARGET_NAME)";
				SUPPORTED_PLATFORMS = "iphoneos iphonesimulator";
				SUPPORTS_MACCATALYST = NO;
				SUPPORTS_MAC_DESIGNED_FOR_IPHONE_IPAD = NO;
				SUPPORTS_XR_DESIGNED_FOR_IPHONE_IPAD = NO;
				SWIFT_EMIT_LOC_STRINGS = YES;
				SWIFT_VERSION = 5.0;
				TARGETED_DEVICE_FAMILY = 1;
			};
			name = Release;
		};
/* End XCBuildConfiguration section */

/* Begin XCConfigurationList section */
		305E81442C221C9C00B7FE37 /* Build configuration list for PBXProject "ProSoccerDiary" */ = {
			isa = XCConfigurationList;
			buildConfigurations = (
				305E815B2C221C9E00B7FE37 /* Debug */,
				305E815C2C221C9E00B7FE37 /* Release */,
			);
			defaultConfigurationIsVisible = 0;
			defaultConfigurationName = Release;
		};
		305E815D2C221C9E00B7FE37 /* Build configuration list for PBXNativeTarget "ProSoccerDiary" */ = {
			isa = XCConfigurationList;
			buildConfigurations = (
				305E815E2C221C9E00B7FE37 /* Debug */,
				305E815F2C221C9E00B7FE37 /* Release */,
			);
			defaultConfigurationIsVisible = 0;
			defaultConfigurationName = Release;
		};
/* End XCConfigurationList section */

/* Begin XCVersionGroup section */
		305E816D2C22B28400B7FE37 /* ProSoccer.xcdatamodeld */ = {
			isa = XCVersionGroup;
			children = (
				305E816E2C22B28400B7FE37 /* ProSoccer.xcdatamodel */,
			);
			currentVersion = 305E816E2C22B28400B7FE37 /* ProSoccer.xcdatamodel */;
			name = ProSoccer.xcdatamodeld;
			path = /Users/roman/Downloads/XcodeProgramm/ProSoccerDiary/ProSoccerDiary/CoreData/ProSoccer.xcdatamodeld;
			sourceTree = "<group>";
			versionGroupType = wrapper.xcdatamodel;
		};
/* End XCVersionGroup section */
	};
	rootObject = 305E81412C221C9C00B7FE37 /* Project object */;
}
